// !$*UTF8*$!
{
	archiveVersion = 1;
	classes = {
	};
	objectVersion = 46;
	objects = {

/* Begin PBXBuildFile section */
		FEBDDE2F1DD9D706008D5DDC /* AppDelegate.swift in Sources */ = {isa = PBXBuildFile; fileRef = FEBDDE2E1DD9D706008D5DDC /* AppDelegate.swift */; };
		FEBDDE311DD9D706008D5DDC /* ViewController.swift in Sources */ = {isa = PBXBuildFile; fileRef = FEBDDE301DD9D706008D5DDC /* ViewController.swift */; };
		FEBDDE341DD9D706008D5DDC /* Main.storyboard in Resources */ = {isa = PBXBuildFile; fileRef = FEBDDE321DD9D706008D5DDC /* Main.storyboard */; };
		FEBDDE361DD9D706008D5DDC /* Assets.xcassets in Resources */ = {isa = PBXBuildFile; fileRef = FEBDDE351DD9D706008D5DDC /* Assets.xcassets */; };
		FEBDDE391DD9D706008D5DDC /* LaunchScreen.storyboard in Resources */ = {isa = PBXBuildFile; fileRef = FEBDDE371DD9D706008D5DDC /* LaunchScreen.storyboard */; };
		FEBDDE441DD9D706008D5DDC /* __ComplicationTests.swift in Sources */ = {isa = PBXBuildFile; fileRef = FEBDDE431DD9D706008D5DDC /* __ComplicationTests.swift */; };
		FEBDDE4F1DD9D706008D5DDC /* __ComplicationUITests.swift in Sources */ = {isa = PBXBuildFile; fileRef = FEBDDE4E1DD9D706008D5DDC /* __ComplicationUITests.swift */; };
		FEBDDE541DD9D706008D5DDC /* 2 Complication WatchKit App.app in Embed Watch Content */ = {isa = PBXBuildFile; fileRef = FEBDDE531DD9D706008D5DDC /* 2 Complication WatchKit App.app */; };
		FEBDDE5A1DD9D706008D5DDC /* Interface.storyboard in Resources */ = {isa = PBXBuildFile; fileRef = FEBDDE581DD9D706008D5DDC /* Interface.storyboard */; };
		FEBDDE5C1DD9D706008D5DDC /* Assets.xcassets in Resources */ = {isa = PBXBuildFile; fileRef = FEBDDE5B1DD9D706008D5DDC /* Assets.xcassets */; };
		FEBDDE631DD9D706008D5DDC /* 2 Complication WatchKit Extension.appex in Embed App Extensions */ = {isa = PBXBuildFile; fileRef = FEBDDE621DD9D706008D5DDC /* 2 Complication WatchKit Extension.appex */; settings = {ATTRIBUTES = (RemoveHeadersOnCopy, ); }; };
		FEBDDE6A1DD9D706008D5DDC /* InterfaceController.swift in Sources */ = {isa = PBXBuildFile; fileRef = FEBDDE691DD9D706008D5DDC /* InterfaceController.swift */; };
		FEBDDE6C1DD9D706008D5DDC /* ExtensionDelegate.swift in Sources */ = {isa = PBXBuildFile; fileRef = FEBDDE6B1DD9D706008D5DDC /* ExtensionDelegate.swift */; };
		FEBDDE6E1DD9D706008D5DDC /* NotificationController.swift in Sources */ = {isa = PBXBuildFile; fileRef = FEBDDE6D1DD9D706008D5DDC /* NotificationController.swift */; };
		FEBDDE701DD9D706008D5DDC /* ComplicationController.swift in Sources */ = {isa = PBXBuildFile; fileRef = FEBDDE6F1DD9D706008D5DDC /* ComplicationController.swift */; };
		FEBDDE721DD9D706008D5DDC /* Assets.xcassets in Resources */ = {isa = PBXBuildFile; fileRef = FEBDDE711DD9D706008D5DDC /* Assets.xcassets */; };
/* End PBXBuildFile section */

/* Begin PBXContainerItemProxy section */
		FEBDDE401DD9D706008D5DDC /* PBXContainerItemProxy */ = {
			isa = PBXContainerItemProxy;
			containerPortal = FEBDDE231DD9D706008D5DDC /* Project object */;
			proxyType = 1;
			remoteGlobalIDString = FEBDDE2A1DD9D706008D5DDC;
			remoteInfo = "2 Complication";
		};
		FEBDDE4B1DD9D706008D5DDC /* PBXContainerItemProxy */ = {
			isa = PBXContainerItemProxy;
			containerPortal = FEBDDE231DD9D706008D5DDC /* Project object */;
			proxyType = 1;
			remoteGlobalIDString = FEBDDE2A1DD9D706008D5DDC;
			remoteInfo = "2 Complication";
		};
		FEBDDE551DD9D706008D5DDC /* PBXContainerItemProxy */ = {
			isa = PBXContainerItemProxy;
			containerPortal = FEBDDE231DD9D706008D5DDC /* Project object */;
			proxyType = 1;
			remoteGlobalIDString = FEBDDE521DD9D706008D5DDC;
			remoteInfo = "2 Complication WatchKit App";
		};
		FEBDDE641DD9D706008D5DDC /* PBXContainerItemProxy */ = {
			isa = PBXContainerItemProxy;
			containerPortal = FEBDDE231DD9D706008D5DDC /* Project object */;
			proxyType = 1;
			remoteGlobalIDString = FEBDDE611DD9D706008D5DDC;
			remoteInfo = "2 Complication WatchKit Extension";
		};
/* End PBXContainerItemProxy section */

/* Begin PBXCopyFilesBuildPhase section */
		FEBDDE791DD9D706008D5DDC /* Embed App Extensions */ = {
			isa = PBXCopyFilesBuildPhase;
			buildActionMask = 2147483647;
			dstPath = "";
			dstSubfolderSpec = 13;
			files = (
				FEBDDE631DD9D706008D5DDC /* 2 Complication WatchKit Extension.appex in Embed App Extensions */,
			);
			name = "Embed App Extensions";
			runOnlyForDeploymentPostprocessing = 0;
		};
		FEBDDE7D1DD9D706008D5DDC /* Embed Watch Content */ = {
			isa = PBXCopyFilesBuildPhase;
			buildActionMask = 2147483647;
			dstPath = "$(CONTENTS_FOLDER_PATH)/Watch";
			dstSubfolderSpec = 16;
			files = (
				FEBDDE541DD9D706008D5DDC /* 2 Complication WatchKit App.app in Embed Watch Content */,
			);
			name = "Embed Watch Content";
			runOnlyForDeploymentPostprocessing = 0;
		};
/* End PBXCopyFilesBuildPhase section */

/* Begin PBXFileReference section */
		FEBDDE2B1DD9D706008D5DDC /* 2 Complication.app */ = {isa = PBXFileReference; explicitFileType = wrapper.application; includeInIndex = 0; path = "2 Complication.app"; sourceTree = BUILT_PRODUCTS_DIR; };
		FEBDDE2E1DD9D706008D5DDC /* AppDelegate.swift */ = {isa = PBXFileReference; lastKnownFileType = sourcecode.swift; path = AppDelegate.swift; sourceTree = "<group>"; };
		FEBDDE301DD9D706008D5DDC /* ViewController.swift */ = {isa = PBXFileReference; lastKnownFileType = sourcecode.swift; path = ViewController.swift; sourceTree = "<group>"; };
		FEBDDE331DD9D706008D5DDC /* Base */ = {isa = PBXFileReference; lastKnownFileType = file.storyboard; name = Base; path = Base.lproj/Main.storyboard; sourceTree = "<group>"; };
		FEBDDE351DD9D706008D5DDC /* Assets.xcassets */ = {isa = PBXFileReference; lastKnownFileType = folder.assetcatalog; path = Assets.xcassets; sourceTree = "<group>"; };
		FEBDDE381DD9D706008D5DDC /* Base */ = {isa = PBXFileReference; lastKnownFileType = file.storyboard; name = Base; path = Base.lproj/LaunchScreen.storyboard; sourceTree = "<group>"; };
		FEBDDE3A1DD9D706008D5DDC /* Info.plist */ = {isa = PBXFileReference; lastKnownFileType = text.plist.xml; path = Info.plist; sourceTree = "<group>"; };
		FEBDDE3F1DD9D706008D5DDC /* 2 ComplicationTests.xctest */ = {isa = PBXFileReference; explicitFileType = wrapper.cfbundle; includeInIndex = 0; path = "2 ComplicationTests.xctest"; sourceTree = BUILT_PRODUCTS_DIR; };
		FEBDDE431DD9D706008D5DDC /* __ComplicationTests.swift */ = {isa = PBXFileReference; lastKnownFileType = sourcecode.swift; path = __ComplicationTests.swift; sourceTree = "<group>"; };
		FEBDDE451DD9D706008D5DDC /* Info.plist */ = {isa = PBXFileReference; lastKnownFileType = text.plist.xml; path = Info.plist; sourceTree = "<group>"; };
		FEBDDE4A1DD9D706008D5DDC /* 2 ComplicationUITests.xctest */ = {isa = PBXFileReference; explicitFileType = wrapper.cfbundle; includeInIndex = 0; path = "2 ComplicationUITests.xctest"; sourceTree = BUILT_PRODUCTS_DIR; };
		FEBDDE4E1DD9D706008D5DDC /* __ComplicationUITests.swift */ = {isa = PBXFileReference; lastKnownFileType = sourcecode.swift; path = __ComplicationUITests.swift; sourceTree = "<group>"; };
		FEBDDE501DD9D706008D5DDC /* Info.plist */ = {isa = PBXFileReference; lastKnownFileType = text.plist.xml; path = Info.plist; sourceTree = "<group>"; };
		FEBDDE531DD9D706008D5DDC /* 2 Complication WatchKit App.app */ = {isa = PBXFileReference; explicitFileType = wrapper.application; includeInIndex = 0; path = "2 Complication WatchKit App.app"; sourceTree = BUILT_PRODUCTS_DIR; };
		FEBDDE591DD9D706008D5DDC /* Base */ = {isa = PBXFileReference; lastKnownFileType = file.storyboard; name = Base; path = Base.lproj/Interface.storyboard; sourceTree = "<group>"; };
		FEBDDE5B1DD9D706008D5DDC /* Assets.xcassets */ = {isa = PBXFileReference; lastKnownFileType = folder.assetcatalog; path = Assets.xcassets; sourceTree = "<group>"; };
		FEBDDE5D1DD9D706008D5DDC /* Info.plist */ = {isa = PBXFileReference; lastKnownFileType = text.plist.xml; path = Info.plist; sourceTree = "<group>"; };
		FEBDDE621DD9D706008D5DDC /* 2 Complication WatchKit Extension.appex */ = {isa = PBXFileReference; explicitFileType = "wrapper.app-extension"; includeInIndex = 0; path = "2 Complication WatchKit Extension.appex"; sourceTree = BUILT_PRODUCTS_DIR; };
		FEBDDE681DD9D706008D5DDC /* PushNotificationPayload.apns */ = {isa = PBXFileReference; lastKnownFileType = text; path = PushNotificationPayload.apns; sourceTree = "<group>"; };
		FEBDDE691DD9D706008D5DDC /* InterfaceController.swift */ = {isa = PBXFileReference; lastKnownFileType = sourcecode.swift; path = InterfaceController.swift; sourceTree = "<group>"; };
		FEBDDE6B1DD9D706008D5DDC /* ExtensionDelegate.swift */ = {isa = PBXFileReference; lastKnownFileType = sourcecode.swift; path = ExtensionDelegate.swift; sourceTree = "<group>"; };
		FEBDDE6D1DD9D706008D5DDC /* NotificationController.swift */ = {isa = PBXFileReference; lastKnownFileType = sourcecode.swift; path = NotificationController.swift; sourceTree = "<group>"; };
		FEBDDE6F1DD9D706008D5DDC /* ComplicationController.swift */ = {isa = PBXFileReference; lastKnownFileType = sourcecode.swift; path = ComplicationController.swift; sourceTree = "<group>"; };
		FEBDDE711DD9D706008D5DDC /* Assets.xcassets */ = {isa = PBXFileReference; lastKnownFileType = folder.assetcatalog; path = Assets.xcassets; sourceTree = "<group>"; };
		FEBDDE731DD9D706008D5DDC /* Info.plist */ = {isa = PBXFileReference; lastKnownFileType = text.plist.xml; path = Info.plist; sourceTree = "<group>"; };
/* End PBXFileReference section */

/* Begin PBXFrameworksBuildPhase section */
		FEBDDE281DD9D706008D5DDC /* Frameworks */ = {
			isa = PBXFrameworksBuildPhase;
			buildActionMask = 2147483647;
			files = (
			);
			runOnlyForDeploymentPostprocessing = 0;
		};
		FEBDDE3C1DD9D706008D5DDC /* Frameworks */ = {
			isa = PBXFrameworksBuildPhase;
			buildActionMask = 2147483647;
			files = (
			);
			runOnlyForDeploymentPostprocessing = 0;
		};
		FEBDDE471DD9D706008D5DDC /* Frameworks */ = {
			isa = PBXFrameworksBuildPhase;
			buildActionMask = 2147483647;
			files = (
			);
			runOnlyForDeploymentPostprocessing = 0;
		};
		FEBDDE5F1DD9D706008D5DDC /* Frameworks */ = {
			isa = PBXFrameworksBuildPhase;
			buildActionMask = 2147483647;
			files = (
			);
			runOnlyForDeploymentPostprocessing = 0;
		};
/* End PBXFrameworksBuildPhase section */

/* Begin PBXGroup section */
		FEBDDE221DD9D706008D5DDC = {
			isa = PBXGroup;
			children = (
				FEBDDE2D1DD9D706008D5DDC /* 2 Complication */,
				FEBDDE421DD9D706008D5DDC /* 2 ComplicationTests */,
				FEBDDE4D1DD9D706008D5DDC /* 2 ComplicationUITests */,
				FEBDDE571DD9D706008D5DDC /* 2 Complication WatchKit App */,
				FEBDDE661DD9D706008D5DDC /* 2 Complication WatchKit Extension */,
				FEBDDE2C1DD9D706008D5DDC /* Products */,
			);
			sourceTree = "<group>";
		};
		FEBDDE2C1DD9D706008D5DDC /* Products */ = {
			isa = PBXGroup;
			children = (
				FEBDDE2B1DD9D706008D5DDC /* 2 Complication.app */,
				FEBDDE3F1DD9D706008D5DDC /* 2 ComplicationTests.xctest */,
				FEBDDE4A1DD9D706008D5DDC /* 2 ComplicationUITests.xctest */,
				FEBDDE531DD9D706008D5DDC /* 2 Complication WatchKit App.app */,
				FEBDDE621DD9D706008D5DDC /* 2 Complication WatchKit Extension.appex */,
			);
			name = Products;
			sourceTree = "<group>";
		};
		FEBDDE2D1DD9D706008D5DDC /* 2 Complication */ = {
			isa = PBXGroup;
			children = (
				FEBDDE2E1DD9D706008D5DDC /* AppDelegate.swift */,
				FEBDDE301DD9D706008D5DDC /* ViewController.swift */,
				FEBDDE321DD9D706008D5DDC /* Main.storyboard */,
				FEBDDE351DD9D706008D5DDC /* Assets.xcassets */,
				FEBDDE371DD9D706008D5DDC /* LaunchScreen.storyboard */,
				FEBDDE3A1DD9D706008D5DDC /* Info.plist */,
			);
			path = "2 Complication";
			sourceTree = "<group>";
		};
		FEBDDE421DD9D706008D5DDC /* 2 ComplicationTests */ = {
			isa = PBXGroup;
			children = (
				FEBDDE431DD9D706008D5DDC /* __ComplicationTests.swift */,
				FEBDDE451DD9D706008D5DDC /* Info.plist */,
			);
			path = "2 ComplicationTests";
			sourceTree = "<group>";
		};
		FEBDDE4D1DD9D706008D5DDC /* 2 ComplicationUITests */ = {
			isa = PBXGroup;
			children = (
				FEBDDE4E1DD9D706008D5DDC /* __ComplicationUITests.swift */,
				FEBDDE501DD9D706008D5DDC /* Info.plist */,
			);
			path = "2 ComplicationUITests";
			sourceTree = "<group>";
		};
		FEBDDE571DD9D706008D5DDC /* 2 Complication WatchKit App */ = {
			isa = PBXGroup;
			children = (
				FEBDDE581DD9D706008D5DDC /* Interface.storyboard */,
				FEBDDE5B1DD9D706008D5DDC /* Assets.xcassets */,
				FEBDDE5D1DD9D706008D5DDC /* Info.plist */,
			);
			path = "2 Complication WatchKit App";
			sourceTree = "<group>";
		};
		FEBDDE661DD9D706008D5DDC /* 2 Complication WatchKit Extension */ = {
			isa = PBXGroup;
			children = (
				FEBDDE691DD9D706008D5DDC /* InterfaceController.swift */,
				FEBDDE6B1DD9D706008D5DDC /* ExtensionDelegate.swift */,
				FEBDDE6D1DD9D706008D5DDC /* NotificationController.swift */,
				FEBDDE6F1DD9D706008D5DDC /* ComplicationController.swift */,
				FEBDDE711DD9D706008D5DDC /* Assets.xcassets */,
				FEBDDE731DD9D706008D5DDC /* Info.plist */,
				FEBDDE671DD9D706008D5DDC /* Supporting Files */,
			);
			path = "2 Complication WatchKit Extension";
			sourceTree = "<group>";
		};
		FEBDDE671DD9D706008D5DDC /* Supporting Files */ = {
			isa = PBXGroup;
			children = (
				FEBDDE681DD9D706008D5DDC /* PushNotificationPayload.apns */,
			);
			name = "Supporting Files";
			sourceTree = "<group>";
		};
/* End PBXGroup section */

/* Begin PBXNativeTarget section */
		FEBDDE2A1DD9D706008D5DDC /* 2 Complication */ = {
			isa = PBXNativeTarget;
			buildConfigurationList = FEBDDE7E1DD9D706008D5DDC /* Build configuration list for PBXNativeTarget "2 Complication" */;
			buildPhases = (
				FEBDDE271DD9D706008D5DDC /* Sources */,
				FEBDDE281DD9D706008D5DDC /* Frameworks */,
				FEBDDE291DD9D706008D5DDC /* Resources */,
				FEBDDE7D1DD9D706008D5DDC /* Embed Watch Content */,
			);
			buildRules = (
			);
			dependencies = (
				FEBDDE561DD9D706008D5DDC /* PBXTargetDependency */,
			);
			name = "2 Complication";
			productName = "2 Complication";
			productReference = FEBDDE2B1DD9D706008D5DDC /* 2 Complication.app */;
			productType = "com.apple.product-type.application";
		};
		FEBDDE3E1DD9D706008D5DDC /* 2 ComplicationTests */ = {
			isa = PBXNativeTarget;
			buildConfigurationList = FEBDDE811DD9D706008D5DDC /* Build configuration list for PBXNativeTarget "2 ComplicationTests" */;
			buildPhases = (
				FEBDDE3B1DD9D706008D5DDC /* Sources */,
				FEBDDE3C1DD9D706008D5DDC /* Frameworks */,
				FEBDDE3D1DD9D706008D5DDC /* Resources */,
			);
			buildRules = (
			);
			dependencies = (
				FEBDDE411DD9D706008D5DDC /* PBXTargetDependency */,
			);
			name = "2 ComplicationTests";
			productName = "2 ComplicationTests";
			productReference = FEBDDE3F1DD9D706008D5DDC /* 2 ComplicationTests.xctest */;
			productType = "com.apple.product-type.bundle.unit-test";
		};
		FEBDDE491DD9D706008D5DDC /* 2 ComplicationUITests */ = {
			isa = PBXNativeTarget;
			buildConfigurationList = FEBDDE841DD9D706008D5DDC /* Build configuration list for PBXNativeTarget "2 ComplicationUITests" */;
			buildPhases = (
				FEBDDE461DD9D706008D5DDC /* Sources */,
				FEBDDE471DD9D706008D5DDC /* Frameworks */,
				FEBDDE481DD9D706008D5DDC /* Resources */,
			);
			buildRules = (
			);
			dependencies = (
				FEBDDE4C1DD9D706008D5DDC /* PBXTargetDependency */,
			);
			name = "2 ComplicationUITests";
			productName = "2 ComplicationUITests";
			productReference = FEBDDE4A1DD9D706008D5DDC /* 2 ComplicationUITests.xctest */;
			productType = "com.apple.product-type.bundle.ui-testing";
		};
		FEBDDE521DD9D706008D5DDC /* 2 Complication WatchKit App */ = {
			isa = PBXNativeTarget;
			buildConfigurationList = FEBDDE7A1DD9D706008D5DDC /* Build configuration list for PBXNativeTarget "2 Complication WatchKit App" */;
			buildPhases = (
				FEBDDE511DD9D706008D5DDC /* Resources */,
				FEBDDE791DD9D706008D5DDC /* Embed App Extensions */,
			);
			buildRules = (
			);
			dependencies = (
				FEBDDE651DD9D706008D5DDC /* PBXTargetDependency */,
			);
			name = "2 Complication WatchKit App";
			productName = "2 Complication WatchKit App";
			productReference = FEBDDE531DD9D706008D5DDC /* 2 Complication WatchKit App.app */;
			productType = "com.apple.product-type.application.watchapp2";
		};
		FEBDDE611DD9D706008D5DDC /* 2 Complication WatchKit Extension */ = {
			isa = PBXNativeTarget;
			buildConfigurationList = FEBDDE761DD9D706008D5DDC /* Build configuration list for PBXNativeTarget "2 Complication WatchKit Extension" */;
			buildPhases = (
				FEBDDE5E1DD9D706008D5DDC /* Sources */,
				FEBDDE5F1DD9D706008D5DDC /* Frameworks */,
				FEBDDE601DD9D706008D5DDC /* Resources */,
			);
			buildRules = (
			);
			dependencies = (
			);
			name = "2 Complication WatchKit Extension";
			productName = "2 Complication WatchKit Extension";
			productReference = FEBDDE621DD9D706008D5DDC /* 2 Complication WatchKit Extension.appex */;
			productType = "com.apple.product-type.watchkit2-extension";
		};
/* End PBXNativeTarget section */

/* Begin PBXProject section */
		FEBDDE231DD9D706008D5DDC /* Project object */ = {
			isa = PBXProject;
			attributes = {
				LastSwiftUpdateCheck = 0810;
				LastUpgradeCheck = 0810;
				ORGANIZATIONNAME = "Johns Hopkins University";
				TargetAttributes = {
					FEBDDE2A1DD9D706008D5DDC = {
						CreatedOnToolsVersion = 8.1;
						DevelopmentTeam = 8B5EFZ2UMB;
						ProvisioningStyle = Automatic;
					};
					FEBDDE3E1DD9D706008D5DDC = {
						CreatedOnToolsVersion = 8.1;
						DevelopmentTeam = 8B5EFZ2UMB;
						ProvisioningStyle = Automatic;
						TestTargetID = FEBDDE2A1DD9D706008D5DDC;
					};
					FEBDDE491DD9D706008D5DDC = {
						CreatedOnToolsVersion = 8.1;
						DevelopmentTeam = 8B5EFZ2UMB;
						ProvisioningStyle = Automatic;
						TestTargetID = FEBDDE2A1DD9D706008D5DDC;
					};
					FEBDDE521DD9D706008D5DDC = {
						CreatedOnToolsVersion = 8.1;
						DevelopmentTeam = 8B5EFZ2UMB;
						ProvisioningStyle = Automatic;
					};
					FEBDDE611DD9D706008D5DDC = {
						CreatedOnToolsVersion = 8.1;
						DevelopmentTeam = 8B5EFZ2UMB;
						ProvisioningStyle = Automatic;
					};
				};
			};
			buildConfigurationList = FEBDDE261DD9D706008D5DDC /* Build configuration list for PBXProject "2 Complication" */;
			compatibilityVersion = "Xcode 3.2";
			developmentRegion = English;
			hasScannedForEncodings = 0;
			knownRegions = (
				en,
				Base,
			);
			mainGroup = FEBDDE221DD9D706008D5DDC;
			productRefGroup = FEBDDE2C1DD9D706008D5DDC /* Products */;
			projectDirPath = "";
			projectRoot = "";
			targets = (
				FEBDDE2A1DD9D706008D5DDC /* 2 Complication */,
				FEBDDE3E1DD9D706008D5DDC /* 2 ComplicationTests */,
				FEBDDE491DD9D706008D5DDC /* 2 ComplicationUITests */,
				FEBDDE521DD9D706008D5DDC /* 2 Complication WatchKit App */,
				FEBDDE611DD9D706008D5DDC /* 2 Complication WatchKit Extension */,
			);
		};
/* End PBXProject section */

/* Begin PBXResourcesBuildPhase section */
		FEBDDE291DD9D706008D5DDC /* Resources */ = {
			isa = PBXResourcesBuildPhase;
			buildActionMask = 2147483647;
			files = (
				FEBDDE391DD9D706008D5DDC /* LaunchScreen.storyboard in Resources */,
				FEBDDE361DD9D706008D5DDC /* Assets.xcassets in Resources */,
				FEBDDE341DD9D706008D5DDC /* Main.storyboard in Resources */,
			);
			runOnlyForDeploymentPostprocessing = 0;
		};
		FEBDDE3D1DD9D706008D5DDC /* Resources */ = {
			isa = PBXResourcesBuildPhase;
			buildActionMask = 2147483647;
			files = (
			);
			runOnlyForDeploymentPostprocessing = 0;
		};
		FEBDDE481DD9D706008D5DDC /* Resources */ = {
			isa = PBXResourcesBuildPhase;
			buildActionMask = 2147483647;
			files = (
			);
			runOnlyForDeploymentPostprocessing = 0;
		};
		FEBDDE511DD9D706008D5DDC /* Resources */ = {
			isa = PBXResourcesBuildPhase;
			buildActionMask = 2147483647;
			files = (
				FEBDDE5C1DD9D706008D5DDC /* Assets.xcassets in Resources */,
				FEBDDE5A1DD9D706008D5DDC /* Interface.storyboard in Resources */,
			);
			runOnlyForDeploymentPostprocessing = 0;
		};
		FEBDDE601DD9D706008D5DDC /* Resources */ = {
			isa = PBXResourcesBuildPhase;
			buildActionMask = 2147483647;
			files = (
				FEBDDE721DD9D706008D5DDC /* Assets.xcassets in Resources */,
			);
			runOnlyForDeploymentPostprocessing = 0;
		};
/* End PBXResourcesBuildPhase section */

/* Begin PBXSourcesBuildPhase section */
		FEBDDE271DD9D706008D5DDC /* Sources */ = {
			isa = PBXSourcesBuildPhase;
			buildActionMask = 2147483647;
			files = (
				FEBDDE311DD9D706008D5DDC /* ViewController.swift in Sources */,
				FEBDDE2F1DD9D706008D5DDC /* AppDelegate.swift in Sources */,
			);
			runOnlyForDeploymentPostprocessing = 0;
		};
		FEBDDE3B1DD9D706008D5DDC /* Sources */ = {
			isa = PBXSourcesBuildPhase;
			buildActionMask = 2147483647;
			files = (
				FEBDDE441DD9D706008D5DDC /* __ComplicationTests.swift in Sources */,
			);
			runOnlyForDeploymentPostprocessing = 0;
		};
		FEBDDE461DD9D706008D5DDC /* Sources */ = {
			isa = PBXSourcesBuildPhase;
			buildActionMask = 2147483647;
			files = (
				FEBDDE4F1DD9D706008D5DDC /* __ComplicationUITests.swift in Sources */,
			);
			runOnlyForDeploymentPostprocessing = 0;
		};
		FEBDDE5E1DD9D706008D5DDC /* Sources */ = {
			isa = PBXSourcesBuildPhase;
			buildActionMask = 2147483647;
			files = (
				FEBDDE6E1DD9D706008D5DDC /* NotificationController.swift in Sources */,
				FEBDDE701DD9D706008D5DDC /* ComplicationController.swift in Sources */,
				FEBDDE6C1DD9D706008D5DDC /* ExtensionDelegate.swift in Sources */,
				FEBDDE6A1DD9D706008D5DDC /* InterfaceController.swift in Sources */,
			);
			runOnlyForDeploymentPostprocessing = 0;
		};
/* End PBXSourcesBuildPhase section */

/* Begin PBXTargetDependency section */
		FEBDDE411DD9D706008D5DDC /* PBXTargetDependency */ = {
			isa = PBXTargetDependency;
			target = FEBDDE2A1DD9D706008D5DDC /* 2 Complication */;
			targetProxy = FEBDDE401DD9D706008D5DDC /* PBXContainerItemProxy */;
		};
		FEBDDE4C1DD9D706008D5DDC /* PBXTargetDependency */ = {
			isa = PBXTargetDependency;
			target = FEBDDE2A1DD9D706008D5DDC /* 2 Complication */;
			targetProxy = FEBDDE4B1DD9D706008D5DDC /* PBXContainerItemProxy */;
		};
		FEBDDE561DD9D706008D5DDC /* PBXTargetDependency */ = {
			isa = PBXTargetDependency;
			target = FEBDDE521DD9D706008D5DDC /* 2 Complication WatchKit App */;
			targetProxy = FEBDDE551DD9D706008D5DDC /* PBXContainerItemProxy */;
		};
		FEBDDE651DD9D706008D5DDC /* PBXTargetDependency */ = {
			isa = PBXTargetDependency;
			target = FEBDDE611DD9D706008D5DDC /* 2 Complication WatchKit Extension */;
			targetProxy = FEBDDE641DD9D706008D5DDC /* PBXContainerItemProxy */;
		};
/* End PBXTargetDependency section */

/* Begin PBXVariantGroup section */
		FEBDDE321DD9D706008D5DDC /* Main.storyboard */ = {
			isa = PBXVariantGroup;
			children = (
				FEBDDE331DD9D706008D5DDC /* Base */,
			);
			name = Main.storyboard;
			sourceTree = "<group>";
		};
		FEBDDE371DD9D706008D5DDC /* LaunchScreen.storyboard */ = {
			isa = PBXVariantGroup;
			children = (
				FEBDDE381DD9D706008D5DDC /* Base */,
			);
			name = LaunchScreen.storyboard;
			sourceTree = "<group>";
		};
		FEBDDE581DD9D706008D5DDC /* Interface.storyboard */ = {
			isa = PBXVariantGroup;
			children = (
				FEBDDE591DD9D706008D5DDC /* Base */,
			);
			name = Interface.storyboard;
			sourceTree = "<group>";
		};
/* End PBXVariantGroup section */

/* Begin XCBuildConfiguration section */
		FEBDDE741DD9D706008D5DDC /* Debug */ = {
			isa = XCBuildConfiguration;
			buildSettings = {
				ALWAYS_SEARCH_USER_PATHS = NO;
				CLANG_ANALYZER_NONNULL = YES;
				CLANG_CXX_LANGUAGE_STANDARD = "gnu++0x";
				CLANG_CXX_LIBRARY = "libc++";
				CLANG_ENABLE_MODULES = YES;
				CLANG_ENABLE_OBJC_ARC = YES;
				CLANG_WARN_BOOL_CONVERSION = YES;
				CLANG_WARN_CONSTANT_CONVERSION = YES;
				CLANG_WARN_DIRECT_OBJC_ISA_USAGE = YES_ERROR;
				CLANG_WARN_DOCUMENTATION_COMMENTS = YES;
				CLANG_WARN_EMPTY_BODY = YES;
				CLANG_WARN_ENUM_CONVERSION = YES;
				CLANG_WARN_INFINITE_RECURSION = YES;
				CLANG_WARN_INT_CONVERSION = YES;
				CLANG_WARN_OBJC_ROOT_CLASS = YES_ERROR;
				CLANG_WARN_SUSPICIOUS_MOVES = YES;
				CLANG_WARN_UNREACHABLE_CODE = YES;
				CLANG_WARN__DUPLICATE_METHOD_MATCH = YES;
				"CODE_SIGN_IDENTITY[sdk=iphoneos*]" = "iPhone Developer";
				COPY_PHASE_STRIP = NO;
				DEBUG_INFORMATION_FORMAT = dwarf;
				ENABLE_STRICT_OBJC_MSGSEND = YES;
				ENABLE_TESTABILITY = YES;
				GCC_C_LANGUAGE_STANDARD = gnu99;
				GCC_DYNAMIC_NO_PIC = NO;
				GCC_NO_COMMON_BLOCKS = YES;
				GCC_OPTIMIZATION_LEVEL = 0;
				GCC_PREPROCESSOR_DEFINITIONS = (
					"DEBUG=1",
					"$(inherited)",
				);
				GCC_WARN_64_TO_32_BIT_CONVERSION = YES;
				GCC_WARN_ABOUT_RETURN_TYPE = YES_ERROR;
				GCC_WARN_UNDECLARED_SELECTOR = YES;
				GCC_WARN_UNINITIALIZED_AUTOS = YES_AGGRESSIVE;
				GCC_WARN_UNUSED_FUNCTION = YES;
				GCC_WARN_UNUSED_VARIABLE = YES;
				IPHONEOS_DEPLOYMENT_TARGET = 10.1;
				MTL_ENABLE_DEBUG_INFO = YES;
				ONLY_ACTIVE_ARCH = YES;
				SDKROOT = iphoneos;
				SWIFT_ACTIVE_COMPILATION_CONDITIONS = DEBUG;
				SWIFT_OPTIMIZATION_LEVEL = "-Onone";
				TARGETED_DEVICE_FAMILY = "1,2";
			};
			name = Debug;
		};
		FEBDDE751DD9D706008D5DDC /* Release */ = {
			isa = XCBuildConfiguration;
			buildSettings = {
				ALWAYS_SEARCH_USER_PATHS = NO;
				CLANG_ANALYZER_NONNULL = YES;
				CLANG_CXX_LANGUAGE_STANDARD = "gnu++0x";
				CLANG_CXX_LIBRARY = "libc++";
				CLANG_ENABLE_MODULES = YES;
				CLANG_ENABLE_OBJC_ARC = YES;
				CLANG_WARN_BOOL_CONVERSION = YES;
				CLANG_WARN_CONSTANT_CONVERSION = YES;
				CLANG_WARN_DIRECT_OBJC_ISA_USAGE = YES_ERROR;
				CLANG_WARN_DOCUMENTATION_COMMENTS = YES;
				CLANG_WARN_EMPTY_BODY = YES;
				CLANG_WARN_ENUM_CONVERSION = YES;
				CLANG_WARN_INFINITE_RECURSION = YES;
				CLANG_WARN_INT_CONVERSION = YES;
				CLANG_WARN_OBJC_ROOT_CLASS = YES_ERROR;
				CLANG_WARN_SUSPICIOUS_MOVES = YES;
				CLANG_WARN_UNREACHABLE_CODE = YES;
				CLANG_WARN__DUPLICATE_METHOD_MATCH = YES;
				"CODE_SIGN_IDENTITY[sdk=iphoneos*]" = "iPhone Developer";
				COPY_PHASE_STRIP = NO;
				DEBUG_INFORMATION_FORMAT = "dwarf-with-dsym";
				ENABLE_NS_ASSERTIONS = NO;
				ENABLE_STRICT_OBJC_MSGSEND = YES;
				GCC_C_LANGUAGE_STANDARD = gnu99;
				GCC_NO_COMMON_BLOCKS = YES;
				GCC_WARN_64_TO_32_BIT_CONVERSION = YES;
				GCC_WARN_ABOUT_RETURN_TYPE = YES_ERROR;
				GCC_WARN_UNDECLARED_SELECTOR = YES;
				GCC_WARN_UNINITIALIZED_AUTOS = YES_AGGRESSIVE;
				GCC_WARN_UNUSED_FUNCTION = YES;
				GCC_WARN_UNUSED_VARIABLE = YES;
				IPHONEOS_DEPLOYMENT_TARGET = 10.1;
				MTL_ENABLE_DEBUG_INFO = NO;
				SDKROOT = iphoneos;
				SWIFT_OPTIMIZATION_LEVEL = "-Owholemodule";
				TARGETED_DEVICE_FAMILY = "1,2";
				VALIDATE_PRODUCT = YES;
			};
			name = Release;
		};
		FEBDDE771DD9D706008D5DDC /* Debug */ = {
			isa = XCBuildConfiguration;
			buildSettings = {
				ASSETCATALOG_COMPILER_COMPLICATION_NAME = Complication;
				DEVELOPMENT_TEAM = 8B5EFZ2UMB;
				INFOPLIST_FILE = "2 Complication WatchKit Extension/Info.plist";
				LD_RUNPATH_SEARCH_PATHS = "$(inherited) @executable_path/Frameworks @executable_path/../../Frameworks";
				PRODUCT_BUNDLE_IDENTIFIER = "Johns-Hopkins-University.--Complication.watchkitapp.watchkitextension";
				PRODUCT_NAME = "${TARGET_NAME}";
				SDKROOT = watchos;
				SKIP_INSTALL = YES;
				SWIFT_VERSION = 3.0;
				TARGETED_DEVICE_FAMILY = 4;
				WATCHOS_DEPLOYMENT_TARGET = 3.1;
			};
			name = Debug;
		};
		FEBDDE781DD9D706008D5DDC /* Release */ = {
			isa = XCBuildConfiguration;
			buildSettings = {
				ASSETCATALOG_COMPILER_COMPLICATION_NAME = Complication;
				DEVELOPMENT_TEAM = 8B5EFZ2UMB;
				INFOPLIST_FILE = "2 Complication WatchKit Extension/Info.plist";
				LD_RUNPATH_SEARCH_PATHS = "$(inherited) @executable_path/Frameworks @executable_path/../../Frameworks";
				PRODUCT_BUNDLE_IDENTIFIER = "Johns-Hopkins-University.--Complication.watchkitapp.watchkitextension";
				PRODUCT_NAME = "${TARGET_NAME}";
				SDKROOT = watchos;
				SKIP_INSTALL = YES;
				SWIFT_VERSION = 3.0;
				TARGETED_DEVICE_FAMILY = 4;
				WATCHOS_DEPLOYMENT_TARGET = 3.1;
			};
			name = Release;
		};
		FEBDDE7B1DD9D706008D5DDC /* Debug */ = {
			isa = XCBuildConfiguration;
			buildSettings = {
				ALWAYS_EMBED_SWIFT_STANDARD_LIBRARIES = YES;
				ASSETCATALOG_COMPILER_APPICON_NAME = AppIcon;
				DEVELOPMENT_TEAM = 8B5EFZ2UMB;
				IBSC_MODULE = __Complication_WatchKit_Extension;
				INFOPLIST_FILE = "2 Complication WatchKit App/Info.plist";
				PRODUCT_BUNDLE_IDENTIFIER = "Johns-Hopkins-University.--Complication.watchkitapp";
				PRODUCT_NAME = "$(TARGET_NAME)";
				SDKROOT = watchos;
				SKIP_INSTALL = YES;
				SWIFT_VERSION = 3.0;
				TARGETED_DEVICE_FAMILY = 4;
				WATCHOS_DEPLOYMENT_TARGET = 3.1;
			};
			name = Debug;
		};
		FEBDDE7C1DD9D706008D5DDC /* Release */ = {
			isa = XCBuildConfiguration;
			buildSettings = {
				ALWAYS_EMBED_SWIFT_STANDARD_LIBRARIES = YES;
				ASSETCATALOG_COMPILER_APPICON_NAME = AppIcon;
				DEVELOPMENT_TEAM = 8B5EFZ2UMB;
				IBSC_MODULE = __Complication_WatchKit_Extension;
				INFOPLIST_FILE = "2 Complication WatchKit App/Info.plist";
				PRODUCT_BUNDLE_IDENTIFIER = "Johns-Hopkins-University.--Complication.watchkitapp";
				PRODUCT_NAME = "$(TARGET_NAME)";
				SDKROOT = watchos;
				SKIP_INSTALL = YES;
				SWIFT_VERSION = 3.0;
				TARGETED_DEVICE_FAMILY = 4;
				WATCHOS_DEPLOYMENT_TARGET = 3.1;
			};
			name = Release;
		};
		FEBDDE7F1DD9D706008D5DDC /* Debug */ = {
			isa = XCBuildConfiguration;
			buildSettings = {
				ASSETCATALOG_COMPILER_APPICON_NAME = AppIcon;
				DEVELOPMENT_TEAM = 8B5EFZ2UMB;
				INFOPLIST_FILE = "2 Complication/Info.plist";
				LD_RUNPATH_SEARCH_PATHS = "$(inherited) @executable_path/Frameworks";
				PRODUCT_BUNDLE_IDENTIFIER = "Johns-Hopkins-University.--Complication";
				PRODUCT_NAME = "$(TARGET_NAME)";
				SWIFT_VERSION = 3.0;
			};
			name = Debug;
		};
		FEBDDE801DD9D706008D5DDC /* Release */ = {
			isa = XCBuildConfiguration;
			buildSettings = {
				ASSETCATALOG_COMPILER_APPICON_NAME = AppIcon;
				DEVELOPMENT_TEAM = 8B5EFZ2UMB;
				INFOPLIST_FILE = "2 Complication/Info.plist";
				LD_RUNPATH_SEARCH_PATHS = "$(inherited) @executable_path/Frameworks";
				PRODUCT_BUNDLE_IDENTIFIER = "Johns-Hopkins-University.--Complication";
				PRODUCT_NAME = "$(TARGET_NAME)";
				SWIFT_VERSION = 3.0;
			};
			name = Release;
		};
		FEBDDE821DD9D706008D5DDC /* Debug */ = {
			isa = XCBuildConfiguration;
			buildSettings = {
				ALWAYS_EMBED_SWIFT_STANDARD_LIBRARIES = YES;
				BUNDLE_LOADER = "$(TEST_HOST)";
				DEVELOPMENT_TEAM = 8B5EFZ2UMB;
				INFOPLIST_FILE = "2 ComplicationTests/Info.plist";
				LD_RUNPATH_SEARCH_PATHS = "$(inherited) @executable_path/Frameworks @loader_path/Frameworks";
				PRODUCT_BUNDLE_IDENTIFIER = "Johns-Hopkins-University.--ComplicationTests";
				PRODUCT_NAME = "$(TARGET_NAME)";
				SWIFT_VERSION = 3.0;
				TEST_HOST = "$(BUILT_PRODUCTS_DIR)/2 Complication.app/2 Complication";
			};
			name = Debug;
		};
		FEBDDE831DD9D706008D5DDC /* Release */ = {
			isa = XCBuildConfiguration;
			buildSettings = {
				ALWAYS_EMBED_SWIFT_STANDARD_LIBRARIES = YES;
				BUNDLE_LOADER = "$(TEST_HOST)";
				DEVELOPMENT_TEAM = 8B5EFZ2UMB;
				INFOPLIST_FILE = "2 ComplicationTests/Info.plist";
				LD_RUNPATH_SEARCH_PATHS = "$(inherited) @executable_path/Frameworks @loader_path/Frameworks";
				PRODUCT_BUNDLE_IDENTIFIER = "Johns-Hopkins-University.--ComplicationTests";
				PRODUCT_NAME = "$(TARGET_NAME)";
				SWIFT_VERSION = 3.0;
				TEST_HOST = "$(BUILT_PRODUCTS_DIR)/2 Complication.app/2 Complication";
			};
			name = Release;
		};
		FEBDDE851DD9D706008D5DDC /* Debug */ = {
			isa = XCBuildConfiguration;
			buildSettings = {
				ALWAYS_EMBED_SWIFT_STANDARD_LIBRARIES = YES;
				DEVELOPMENT_TEAM = 8B5EFZ2UMB;
				INFOPLIST_FILE = "2 ComplicationUITests/Info.plist";
				LD_RUNPATH_SEARCH_PATHS = "$(inherited) @executable_path/Frameworks @loader_path/Frameworks";
				PRODUCT_BUNDLE_IDENTIFIER = "Johns-Hopkins-University.--ComplicationUITests";
				PRODUCT_NAME = "$(TARGET_NAME)";
				SWIFT_VERSION = 3.0;
				TEST_TARGET_NAME = "2 Complication";
			};
			name = Debug;
		};
		FEBDDE861DD9D706008D5DDC /* Release */ = {
			isa = XCBuildConfiguration;
			buildSettings = {
				ALWAYS_EMBED_SWIFT_STANDARD_LIBRARIES = YES;
				DEVELOPMENT_TEAM = 8B5EFZ2UMB;
				INFOPLIST_FILE = "2 ComplicationUITests/Info.plist";
				LD_RUNPATH_SEARCH_PATHS = "$(inherited) @executable_path/Frameworks @loader_path/Frameworks";
				PRODUCT_BUNDLE_IDENTIFIER = "Johns-Hopkins-University.--ComplicationUITests";
				PRODUCT_NAME = "$(TARGET_NAME)";
				SWIFT_VERSION = 3.0;
				TEST_TARGET_NAME = "2 Complication";
			};
			name = Release;
		};
/* End XCBuildConfiguration section */

/* Begin XCConfigurationList section */
		FEBDDE261DD9D706008D5DDC /* Build configuration list for PBXProject "2 Complication" */ = {
			isa = XCConfigurationList;
			buildConfigurations = (
				FEBDDE741DD9D706008D5DDC /* Debug */,
				FEBDDE751DD9D706008D5DDC /* Release */,
			);
			defaultConfigurationIsVisible = 0;
			defaultConfigurationName = Release;
		};
		FEBDDE761DD9D706008D5DDC /* Build configuration list for PBXNativeTarget "2 Complication WatchKit Extension" */ = {
			isa = XCConfigurationList;
			buildConfigurations = (
				FEBDDE771DD9D706008D5DDC /* Debug */,
				FEBDDE781DD9D706008D5DDC /* Release */,
			);
			defaultConfigurationIsVisible = 0;
		};
		FEBDDE7A1DD9D706008D5DDC /* Build configuration list for PBXNativeTarget "2 Complication WatchKit App" */ = {
			isa = XCConfigurationList;
			buildConfigurations = (
				FEBDDE7B1DD9D706008D5DDC /* Debug */,
				FEBDDE7C1DD9D706008D5DDC /* Release */,
			);
			defaultConfigurationIsVisible = 0;
		};
		FEBDDE7E1DD9D706008D5DDC /* Build configuration list for PBXNativeTarget "2 Complication" */ = {
			isa = XCConfigurationList;
			buildConfigurations = (
				FEBDDE7F1DD9D706008D5DDC /* Debug */,
				FEBDDE801DD9D706008D5DDC /* Release */,
			);
			defaultConfigurationIsVisible = 0;
		};
		FEBDDE811DD9D706008D5DDC /* Build configuration list for PBXNativeTarget "2 ComplicationTests" */ = {
			isa = XCConfigurationList;
			buildConfigurations = (
				FEBDDE821DD9D706008D5DDC /* Debug */,
				FEBDDE831DD9D706008D5DDC /* Release */,
			);
			defaultConfigurationIsVisible = 0;
		};
		FEBDDE841DD9D706008D5DDC /* Build configuration list for PBXNativeTarget "2 ComplicationUITests" */ = {
			isa = XCConfigurationList;
			buildConfigurations = (
				FEBDDE851DD9D706008D5DDC /* Debug */,
				FEBDDE861DD9D706008D5DDC /* Release */,
			);
			defaultConfigurationIsVisible = 0;
		};
/* End XCConfigurationList section */
	};
	rootObject = FEBDDE231DD9D706008D5DDC /* Project object */;
}
